// !$*UTF8*$!
{
	archiveVersion = 1;
	classes = {
	};
	objectVersion = 50;
	objects = {

/* Begin PBXBuildFile section */
		35817417214DBA5500627FAC /* timer.swift in Sources */ = {isa = PBXBuildFile; fileRef = 35817416214DBA5500627FAC /* timer.swift */; };
		358BF659214DAB5200574387 /* uiTextFied.swift in Sources */ = {isa = PBXBuildFile; fileRef = 358BF658214DAB5200574387 /* uiTextFied.swift */; };
		35C69391214D15FC005B1E38 /* AppDelegate.swift in Sources */ = {isa = PBXBuildFile; fileRef = 35C69390214D15FC005B1E38 /* AppDelegate.swift */; };
		35C69393214D15FC005B1E38 /* ViewController.swift in Sources */ = {isa = PBXBuildFile; fileRef = 35C69392214D15FC005B1E38 /* ViewController.swift */; };
		35C69396214D15FC005B1E38 /* Main.storyboard in Resources */ = {isa = PBXBuildFile; fileRef = 35C69394214D15FC005B1E38 /* Main.storyboard */; };
		35C69398214D15FD005B1E38 /* Assets.xcassets in Resources */ = {isa = PBXBuildFile; fileRef = 35C69397214D15FD005B1E38 /* Assets.xcassets */; };
		35C6939B214D15FD005B1E38 /* LaunchScreen.storyboard in Resources */ = {isa = PBXBuildFile; fileRef = 35C69399214D15FD005B1E38 /* LaunchScreen.storyboard */; };
		35C693A8214D6632005B1E38 /* uiLabel.swift in Sources */ = {isa = PBXBuildFile; fileRef = 35C693A7214D6632005B1E38 /* uiLabel.swift */; };
/* End PBXBuildFile section */

/* Begin PBXFileReference section */
		35817416214DBA5500627FAC /* timer.swift */ = {isa = PBXFileReference; lastKnownFileType = sourcecode.swift; path = timer.swift; sourceTree = "<group>"; };
		358BF658214DAB5200574387 /* uiTextFied.swift */ = {isa = PBXFileReference; lastKnownFileType = sourcecode.swift; path = uiTextFied.swift; sourceTree = "<group>"; };
		35C6938D214D15FC005B1E38 /* eggs timer.app */ = {isa = PBXFileReference; explicitFileType = wrapper.application; includeInIndex = 0; path = "eggs timer.app"; sourceTree = BUILT_PRODUCTS_DIR; };
		35C69390214D15FC005B1E38 /* AppDelegate.swift */ = {isa = PBXFileReference; lastKnownFileType = sourcecode.swift; path = AppDelegate.swift; sourceTree = "<group>"; };
		35C69392214D15FC005B1E38 /* ViewController.swift */ = {isa = PBXFileReference; lastKnownFileType = sourcecode.swift; path = ViewController.swift; sourceTree = "<group>"; };
		35C69395214D15FC005B1E38 /* Base */ = {isa = PBXFileReference; lastKnownFileType = file.storyboard; name = Base; path = Base.lproj/Main.storyboard; sourceTree = "<group>"; };
		35C69397214D15FD005B1E38 /* Assets.xcassets */ = {isa = PBXFileReference; lastKnownFileType = folder.assetcatalog; path = Assets.xcassets; sourceTree = "<group>"; };
		35C6939A214D15FD005B1E38 /* Base */ = {isa = PBXFileReference; lastKnownFileType = file.storyboard; name = Base; path = Base.lproj/LaunchScreen.storyboard; sourceTree = "<group>"; };
		35C6939C214D15FD005B1E38 /* Info.plist */ = {isa = PBXFileReference; lastKnownFileType = text.plist.xml; path = Info.plist; sourceTree = "<group>"; };
		35C693A7214D6632005B1E38 /* uiLabel.swift */ = {isa = PBXFileReference; lastKnownFileType = sourcecode.swift; path = uiLabel.swift; sourceTree = "<group>"; };
/* End PBXFileReference section */

/* Begin PBXFrameworksBuildPhase section */
		35C6938A214D15FC005B1E38 /* Frameworks */ = {
			isa = PBXFrameworksBuildPhase;
			buildActionMask = 2147483647;
			files = (
			);
			runOnlyForDeploymentPostprocessing = 0;
		};
/* End PBXFrameworksBuildPhase section */

/* Begin PBXGroup section */
		35C69384214D15FC005B1E38 = {
			isa = PBXGroup;
			children = (
				35C6938F214D15FC005B1E38 /* eggs timer */,
				35C6938E214D15FC005B1E38 /* Products */,
			);
			sourceTree = "<group>";
		};
		35C6938E214D15FC005B1E38 /* Products */ = {
			isa = PBXGroup;
			children = (
				35C6938D214D15FC005B1E38 /* eggs timer.app */,
			);
			name = Products;
			sourceTree = "<group>";
		};
		35C6938F214D15FC005B1E38 /* eggs timer */ = {
			isa = PBXGroup;
			children = (
				35C693A6214D65F2005B1E38 /* Services */,
				35C693A5214D65DA005B1E38 /* Model */,
				35C693A3214D65AE005B1E38 /* View */,
				35C693A2214D659B005B1E38 /* Controller */,
				35C69390214D15FC005B1E38 /* AppDelegate.swift */,
				35C69394214D15FC005B1E38 /* Main.storyboard */,
				35C69397214D15FD005B1E38 /* Assets.xcassets */,
				35C69399214D15FD005B1E38 /* LaunchScreen.storyboard */,
				35C6939C214D15FD005B1E38 /* Info.plist */,
			);
			path = "eggs timer";
			sourceTree = "<group>";
		};
		35C693A2214D659B005B1E38 /* Controller */ = {
			isa = PBXGroup;
			children = (
				35C69392214D15FC005B1E38 /* ViewController.swift */,
			);
			path = Controller;
			sourceTree = "<group>";
		};
		35C693A3214D65AE005B1E38 /* View */ = {
			isa = PBXGroup;
			children = (
				35C693A7214D6632005B1E38 /* uiLabel.swift */,
				358BF658214DAB5200574387 /* uiTextFied.swift */,
			);
			path = View;
			sourceTree = "<group>";
		};
		35C693A5214D65DA005B1E38 /* Model */ = {
			isa = PBXGroup;
			children = (
				35817416214DBA5500627FAC /* timer.swift */,
			);
			path = Model;
			sourceTree = "<group>";
		};
		35C693A6214D65F2005B1E38 /* Services */ = {
			isa = PBXGroup;
			children = (
			);
			path = Services;
			sourceTree = "<group>";
		};
/* End PBXGroup section */

/* Begin PBXNativeTarget section */
		35C6938C214D15FC005B1E38 /* eggs timer */ = {
			isa = PBXNativeTarget;
			buildConfigurationList = 35C6939F214D15FD005B1E38 /* Build configuration list for PBXNativeTarget "eggs timer" */;
			buildPhases = (
				35C69389214D15FC005B1E38 /* Sources */,
				35C6938A214D15FC005B1E38 /* Frameworks */,
				35C6938B214D15FC005B1E38 /* Resources */,
			);
			buildRules = (
			);
			dependencies = (
			);
			name = "eggs timer";
			productName = "eggs timer";
			productReference = 35C6938D214D15FC005B1E38 /* eggs timer.app */;
			productType = "com.apple.product-type.application";
		};
/* End PBXNativeTarget section */

/* Begin PBXProject section */
		35C69385214D15FC005B1E38 /* Project object */ = {
			isa = PBXProject;
			attributes = {
				LastSwiftUpdateCheck = 0940;
				LastUpgradeCheck = 0940;
				ORGANIZATIONNAME = TeamK;
				TargetAttributes = {
					35C6938C214D15FC005B1E38 = {
						CreatedOnToolsVersion = 9.4.1;
					};
				};
			};
			buildConfigurationList = 35C69388214D15FC005B1E38 /* Build configuration list for PBXProject "eggs timer" */;
			compatibilityVersion = "Xcode 9.3";
			developmentRegion = en;
			hasScannedForEncodings = 0;
			knownRegions = (
				en,
				Base,
			);
			mainGroup = 35C69384214D15FC005B1E38;
			productRefGroup = 35C6938E214D15FC005B1E38 /* Products */;
			projectDirPath = "";
			projectRoot = "";
			targets = (
				35C6938C214D15FC005B1E38 /* eggs timer */,
			);
		};
/* End PBXProject section */

/* Begin PBXResourcesBuildPhase section */
		35C6938B214D15FC005B1E38 /* Resources */ = {
			isa = PBXResourcesBuildPhase;
			buildActionMask = 2147483647;
			files = (
				35C6939B214D15FD005B1E38 /* LaunchScreen.storyboard in Resources */,
				35C69398214D15FD005B1E38 /* Assets.xcassets in Resources */,
				35C69396214D15FC005B1E38 /* Main.storyboard in Resources */,
			);
			runOnlyForDeploymentPostprocessing = 0;
		};
/* End PBXResourcesBuildPhase section */

/* Begin PBXSourcesBuildPhase section */
		35C69389214D15FC005B1E38 /* Sources */ = {
			isa = PBXSourcesBuildPhase;
			buildActionMask = 2147483647;
			files = (
				35C693A8214D6632005B1E38 /* uiLabel.swift in Sources */,
				35C69393214D15FC005B1E38 /* ViewController.swift in Sources */,
				35817417214DBA5500627FAC /* timer.swift in Sources */,
				358BF659214DAB5200574387 /* uiTextFied.swift in Sources */,
				35C69391214D15FC005B1E38 /* AppDelegate.swift in Sources */,
			);
			runOnlyForDeploymentPostprocessing = 0;
		};
/* End PBXSourcesBuildPhase section */

/* Begin PBXVariantGroup section */
		35C69394214D15FC005B1E38 /* Main.storyboard */ = {
			isa = PBXVariantGroup;
			children = (
				35C69395214D15FC005B1E38 /* Base */,
			);
			name = Main.storyboard;
			sourceTree = "<group>";
		};
		35C69399214D15FD005B1E38 /* LaunchScreen.storyboard */ = {
			isa = PBXVariantGroup;
			children = (
				35C6939A214D15FD005B1E38 /* Base */,
			);
			name = LaunchScreen.storyboard;
			sourceTree = "<group>";
		};
/* End PBXVariantGroup section */

/* Begin XCBuildConfiguration section */
		35C6939D214D15FD005B1E38 /* Debug */ = {
			isa = XCBuildConfiguration;
			buildSettings = {
				ALWAYS_SEARCH_USER_PATHS = NO;
				CLANG_ANALYZER_NONNULL = YES;
				CLANG_ANALYZER_NUMBER_OBJECT_CONVERSION = YES_AGGRESSIVE;
				CLANG_CXX_LANGUAGE_STANDARD = "gnu++14";
				CLANG_CXX_LIBRARY = "libc++";
				CLANG_ENABLE_MODULES = YES;
				CLANG_ENABLE_OBJC_ARC = YES;
				CLANG_ENABLE_OBJC_WEAK = YES;
				CLANG_WARN_BLOCK_CAPTURE_AUTORELEASING = YES;
				CLANG_WARN_BOOL_CONVERSION = YES;
				CLANG_WARN_COMMA = YES;
				CLANG_WARN_CONSTANT_CONVERSION = YES;
				CLANG_WARN_DEPRECATED_OBJC_IMPLEMENTATIONS = YES;
				CLANG_WARN_DIRECT_OBJC_ISA_USAGE = YES_ERROR;
				CLANG_WARN_DOCUMENTATION_COMMENTS = YES;
				CLANG_WARN_EMPTY_BODY = YES;
				CLANG_WARN_ENUM_CONVERSION = YES;
				CLANG_WARN_INFINITE_RECURSION = YES;
				CLANG_WARN_INT_CONVERSION = YES;
				CLANG_WARN_NON_LITERAL_NULL_CONVERSION = YES;
				CLANG_WARN_OBJC_IMPLICIT_RETAIN_SELF = YES;
				CLANG_WARN_OBJC_LITERAL_CONVERSION = YES;
				CLANG_WARN_OBJC_ROOT_CLASS = YES_ERROR;
				CLANG_WARN_RANGE_LOOP_ANALYSIS = YES;
				CLANG_WARN_STRICT_PROTOTYPES = YES;
				CLANG_WARN_SUSPICIOUS_MOVE = YES;
				CLANG_WARN_UNGUARDED_AVAILABILITY = YES_AGGRESSIVE;
				CLANG_WARN_UNREACHABLE_CODE = YES;
				CLANG_WARN__DUPLICATE_METHOD_MATCH = YES;
				CODE_SIGN_IDENTITY = "iPhone Developer";
				COPY_PHASE_STRIP = NO;
				DEBUG_INFORMATION_FORMAT = dwarf;
				ENABLE_STRICT_OBJC_MSGSEND = YES;
				ENABLE_TESTABILITY = YES;
				GCC_C_LANGUAGE_STANDARD = gnu11;
				GCC_DYNAMIC_NO_PIC = NO;
				GCC_NO_COMMON_BLOCKS = YES;
				GCC_OPTIMIZATION_LEVEL = 0;
				GCC_PREPROCESSOR_DEFINITIONS = (
					"DEBUG=1",
					"$(inherited)",
				);
				GCC_WARN_64_TO_32_BIT_CONVERSION = YES;
				GCC_WARN_ABOUT_RETURN_TYPE = YES_ERROR;
				GCC_WARN_UNDECLARED_SELECTOR = YES;
				GCC_WARN_UNINITIALIZED_AUTOS = YES_AGGRESSIVE;
				GCC_WARN_UNUSED_FUNCTION = YES;
				GCC_WARN_UNUSED_VARIABLE = YES;
				IPHONEOS_DEPLOYMENT_TARGET = 11.4;
				MTL_ENABLE_DEBUG_INFO = YES;
				ONLY_ACTIVE_ARCH = YES;
				SDKROOT = iphoneos;
				SWIFT_ACTIVE_COMPILATION_CONDITIONS = DEBUG;
				SWIFT_OPTIMIZATION_LEVEL = "-Onone";
			};
			name = Debug;
		};
		35C6939E214D15FD005B1E38 /* Release */ = {
			isa = XCBuildConfiguration;
			buildSettings = {
				ALWAYS_SEARCH_USER_PATHS = NO;
				CLANG_ANALYZER_NONNULL = YES;
				CLANG_ANALYZER_NUMBER_OBJECT_CONVERSION = YES_AGGRESSIVE;
				CLANG_CXX_LANGUAGE_STANDARD = "gnu++14";
				CLANG_CXX_LIBRARY = "libc++";
				CLANG_ENABLE_MODULES = YES;
				CLANG_ENABLE_OBJC_ARC = YES;
				CLANG_ENABLE_OBJC_WEAK = YES;
				CLANG_WARN_BLOCK_CAPTURE_AUTORELEASING = YES;
				CLANG_WARN_BOOL_CONVERSION = YES;
				CLANG_WARN_COMMA = YES;
				CLANG_WARN_CONSTANT_CONVERSION = YES;
				CLANG_WARN_DEPRECATED_OBJC_IMPLEMENTATIONS = YES;
				CLANG_WARN_DIRECT_OBJC_ISA_USAGE = YES_ERROR;
				CLANG_WARN_DOCUMENTATION_COMMENTS = YES;
				CLANG_WARN_EMPTY_BODY = YES;
				CLANG_WARN_ENUM_CONVERSION = YES;
				CLANG_WARN_INFINITE_RECURSION = YES;
				CLANG_WARN_INT_CONVERSION = YES;
				CLANG_WARN_NON_LITERAL_NULL_CONVERSION = YES;
				CLANG_WARN_OBJC_IMPLICIT_RETAIN_SELF = YES;
				CLANG_WARN_OBJC_LITERAL_CONVERSION = YES;
				CLANG_WARN_OBJC_ROOT_CLASS = YES_ERROR;
				CLANG_WARN_RANGE_LOOP_ANALYSIS = YES;
				CLANG_WARN_STRICT_PROTOTYPES = YES;
				CLANG_WARN_SUSPICIOUS_MOVE = YES;
				CLANG_WARN_UNGUARDED_AVAILABILITY = YES_AGGRESSIVE;
				CLANG_WARN_UNREACHABLE_CODE = YES;
				CLANG_WARN__DUPLICATE_METHOD_MATCH = YES;
				CODE_SIGN_IDENTITY = "iPhone Developer";
				COPY_PHASE_STRIP = NO;
				DEBUG_INFORMATION_FORMAT = "dwarf-with-dsym";
				ENABLE_NS_ASSERTIONS = NO;
				ENABLE_STRICT_OBJC_MSGSEND = YES;
				GCC_C_LANGUAGE_STANDARD = gnu11;
				GCC_NO_COMMON_BLOCKS = YES;
				GCC_WARN_64_TO_32_BIT_CONVERSION = YES;
				GCC_WARN_ABOUT_RETURN_TYPE = YES_ERROR;
				GCC_WARN_UNDECLARED_SELECTOR = YES;
				GCC_WARN_UNINITIALIZED_AUTOS = YES_AGGRESSIVE;
				GCC_WARN_UNUSED_FUNCTION = YES;
				GCC_WARN_UNUSED_VARIABLE = YES;
				IPHONEOS_DEPLOYMENT_TARGET = 11.4;
				MTL_ENABLE_DEBUG_INFO = NO;
				SDKROOT = iphoneos;
				SWIFT_COMPILATION_MODE = wholemodule;
				SWIFT_OPTIMIZATION_LEVEL = "-O";
				VALIDATE_PRODUCT = YES;
			};
			name = Release;
		};
		35C693A0214D15FD005B1E38 /* Debug */ = {
			isa = XCBuildConfiguration;
			buildSettings = {
				ASSETCATALOG_COMPILER_APPICON_NAME = AppIcon;
				CODE_SIGN_STYLE = Automatic;
				DEVELOPMENT_TEAM = GYUMM6U8Z5;
				INFOPLIST_FILE = "eggs timer/Info.plist";
				LD_RUNPATH_SEARCH_PATHS = (
					"$(inherited)",
					"@executable_path/Frameworks",
				);
				PRODUCT_BUNDLE_IDENTIFIER = "TeamK.eggs-timer";
				PRODUCT_NAME = "$(TARGET_NAME)";
				SWIFT_VERSION = 4.0;
				TARGETED_DEVICE_FAMILY = "1,2";
			};
			name = Debug;
		};
		35C693A1214D15FD005B1E38 /* Release */ = {
			isa = XCBuildConfiguration;
			buildSettings = {
				ASSETCATALOG_COMPILER_APPICON_NAME = AppIcon;
				CODE_SIGN_STYLE = Automatic;
				DEVELOPMENT_TEAM = GYUMM6U8Z5;
				INFOPLIST_FILE = "eggs timer/Info.plist";
				LD_RUNPATH_SEARCH_PATHS = (
					"$(inherited)",
					"@executable_path/Frameworks",
				);
				PRODUCT_BUNDLE_IDENTIFIER = "TeamK.eggs-timer";
				PRODUCT_NAME = "$(TARGET_NAME)";
				SWIFT_VERSION = 4.0;
				TARGETED_DEVICE_FAMILY = "1,2";
			};
			name = Release;
		};
/* End XCBuildConfiguration section */

/* Begin XCConfigurationList section */
		35C69388214D15FC005B1E38 /* Build configuration list for PBXProject "eggs timer" */ = {
			isa = XCConfigurationList;
			buildConfigurations = (
				35C6939D214D15FD005B1E38 /* Debug */,
				35C6939E214D15FD005B1E38 /* Release */,
			);
			defaultConfigurationIsVisible = 0;
			defaultConfigurationName = Release;
		};
		35C6939F214D15FD005B1E38 /* Build configuration list for PBXNativeTarget "eggs timer" */ = {
			isa = XCConfigurationList;
			buildConfigurations = (
				35C693A0214D15FD005B1E38 /* Debug */,
				35C693A1214D15FD005B1E38 /* Release */,
			);
			defaultConfigurationIsVisible = 0;
			defaultConfigurationName = Release;
		};
/* End XCConfigurationList section */
	};
	rootObject = 35C69385214D15FC005B1E38 /* Project object */;
}
